
Microsoft Visual Studio Solution File, Format Version 12.00
# Visual Studio Version 16
VisualStudioVersion = 16.0.32802.440
MinimumVisualStudioVersion = 10.0.40219.1
Project("{FAE04EC0-301F-11D3-BF4B-00C04F79EFBC}") = "GroceryManagement", "GroceryManagement\GroceryManagement.csproj", "{7103CCAF-48E8-405B-B2F7-8F343DDAB593}"
EndProject
Global
	GlobalSection(SolutionConfigurationPlatforms) = preSolution
		Debug|Any CPU = Debug|Any CPU
		Release|Any CPU = Release|Any CPU
	EndGlobalSection
	GlobalSection(ProjectConfigurationPlatforms) = postSolution
		{7103CCAF-48E8-405B-B2F7-8F343DDAB593}.Debug|Any CPU.ActiveCfg = Debug|Any CPU
		{7103CCAF-48E8-405B-B2F7-8F343DDAB593}.Debug|Any CPU.Build.0 = Debug|Any CPU
		{7103CCAF-48E8-405B-B2F7-8F343DDAB593}.Release|Any CPU.ActiveCfg = Release|Any CPU
		{7103CCAF-48E8-405B-B2F7-8F343DDAB593}.Release|Any CPU.Build.0 = Release|Any CPU
	EndGlobalSection
	GlobalSection(SolutionProperties) = preSolution
		HideSolutionNode = FALSE
	EndGlobalSection
	GlobalSection(ExtensibilityGlobals) = postSolution
		SolutionGuid = {52F503CB-3BD7-4FE2-B947-627652AC4591}
	EndGlobalSection
EndGlobal
